// !$*UTF8*$!
{
	archiveVersion = 1;
	classes = {
	};
	objectVersion = 56;
	objects = {

/* Begin PBXBuildFile section */
		872ECE462965035200617A4B /* AppDelegate.swift in Sources */ = {isa = PBXBuildFile; fileRef = 872ECE452965035200617A4B /* AppDelegate.swift */; };
		872ECE482965035200617A4B /* SceneDelegate.swift in Sources */ = {isa = PBXBuildFile; fileRef = 872ECE472965035200617A4B /* SceneDelegate.swift */; };
		872ECE4F2965035300617A4B /* Assets.xcassets in Resources */ = {isa = PBXBuildFile; fileRef = 872ECE4E2965035300617A4B /* Assets.xcassets */; };
		872ECE522965035300617A4B /* LaunchScreen.storyboard in Resources */ = {isa = PBXBuildFile; fileRef = 872ECE502965035300617A4B /* LaunchScreen.storyboard */; };
		872ECE5D2965035300617A4B /* petakopiTests.swift in Sources */ = {isa = PBXBuildFile; fileRef = 872ECE5C2965035300617A4B /* petakopiTests.swift */; };
		872ECE672965035300617A4B /* petakopiUITests.swift in Sources */ = {isa = PBXBuildFile; fileRef = 872ECE662965035300617A4B /* petakopiUITests.swift */; };
		872ECE692965035300617A4B /* petakopiUITestsLaunchTests.swift in Sources */ = {isa = PBXBuildFile; fileRef = 872ECE682965035300617A4B /* petakopiUITestsLaunchTests.swift */; };
		878927B9296504510003225F /* Turbo in Frameworks */ = {isa = PBXBuildFile; productRef = 878927B8296504510003225F /* Turbo */; };
/* End PBXBuildFile section */

/* Begin PBXContainerItemProxy section */
		872ECE592965035300617A4B /* PBXContainerItemProxy */ = {
			isa = PBXContainerItemProxy;
			containerPortal = 872ECE3A2965035100617A4B /* Project object */;
			proxyType = 1;
			remoteGlobalIDString = 872ECE412965035100617A4B;
			remoteInfo = petakopi;
		};
		872ECE632965035300617A4B /* PBXContainerItemProxy */ = {
			isa = PBXContainerItemProxy;
			containerPortal = 872ECE3A2965035100617A4B /* Project object */;
			proxyType = 1;
			remoteGlobalIDString = 872ECE412965035100617A4B;
			remoteInfo = petakopi;
		};
/* End PBXContainerItemProxy section */

/* Begin PBXFileReference section */
		872ECE422965035100617A4B /* petakopi.app */ = {isa = PBXFileReference; explicitFileType = wrapper.application; includeInIndex = 0; path = petakopi.app; sourceTree = BUILT_PRODUCTS_DIR; };
		872ECE452965035200617A4B /* AppDelegate.swift */ = {isa = PBXFileReference; lastKnownFileType = sourcecode.swift; path = AppDelegate.swift; sourceTree = "<group>"; };
		872ECE472965035200617A4B /* SceneDelegate.swift */ = {isa = PBXFileReference; lastKnownFileType = sourcecode.swift; path = SceneDelegate.swift; sourceTree = "<group>"; };
		872ECE4E2965035300617A4B /* Assets.xcassets */ = {isa = PBXFileReference; lastKnownFileType = folder.assetcatalog; path = Assets.xcassets; sourceTree = "<group>"; };
		872ECE512965035300617A4B /* Base */ = {isa = PBXFileReference; lastKnownFileType = file.storyboard; name = Base; path = Base.lproj/LaunchScreen.storyboard; sourceTree = "<group>"; };
		872ECE532965035300617A4B /* Info.plist */ = {isa = PBXFileReference; lastKnownFileType = text.plist.xml; path = Info.plist; sourceTree = "<group>"; };
		872ECE582965035300617A4B /* petakopiTests.xctest */ = {isa = PBXFileReference; explicitFileType = wrapper.cfbundle; includeInIndex = 0; path = petakopiTests.xctest; sourceTree = BUILT_PRODUCTS_DIR; };
		872ECE5C2965035300617A4B /* petakopiTests.swift */ = {isa = PBXFileReference; lastKnownFileType = sourcecode.swift; path = petakopiTests.swift; sourceTree = "<group>"; };
		872ECE622965035300617A4B /* petakopiUITests.xctest */ = {isa = PBXFileReference; explicitFileType = wrapper.cfbundle; includeInIndex = 0; path = petakopiUITests.xctest; sourceTree = BUILT_PRODUCTS_DIR; };
		872ECE662965035300617A4B /* petakopiUITests.swift */ = {isa = PBXFileReference; lastKnownFileType = sourcecode.swift; path = petakopiUITests.swift; sourceTree = "<group>"; };
		872ECE682965035300617A4B /* petakopiUITestsLaunchTests.swift */ = {isa = PBXFileReference; lastKnownFileType = sourcecode.swift; path = petakopiUITestsLaunchTests.swift; sourceTree = "<group>"; };
/* End PBXFileReference section */

/* Begin PBXFrameworksBuildPhase section */
		872ECE3F2965035100617A4B /* Frameworks */ = {
			isa = PBXFrameworksBuildPhase;
			buildActionMask = 2147483647;
			files = (
				878927B9296504510003225F /* Turbo in Frameworks */,
			);
			runOnlyForDeploymentPostprocessing = 0;
		};
		872ECE552965035300617A4B /* Frameworks */ = {
			isa = PBXFrameworksBuildPhase;
			buildActionMask = 2147483647;
			files = (
			);
			runOnlyForDeploymentPostprocessing = 0;
		};
		872ECE5F2965035300617A4B /* Frameworks */ = {
			isa = PBXFrameworksBuildPhase;
			buildActionMask = 2147483647;
			files = (
			);
			runOnlyForDeploymentPostprocessing = 0;
		};
/* End PBXFrameworksBuildPhase section */

/* Begin PBXGroup section */
		872ECE392965035100617A4B = {
			isa = PBXGroup;
			children = (
				872ECE442965035100617A4B /* petakopi */,
				872ECE5B2965035300617A4B /* petakopiTests */,
				872ECE652965035300617A4B /* petakopiUITests */,
				872ECE432965035100617A4B /* Products */,
			);
			sourceTree = "<group>";
		};
		872ECE432965035100617A4B /* Products */ = {
			isa = PBXGroup;
			children = (
				872ECE422965035100617A4B /* petakopi.app */,
				872ECE582965035300617A4B /* petakopiTests.xctest */,
				872ECE622965035300617A4B /* petakopiUITests.xctest */,
			);
			name = Products;
			sourceTree = "<group>";
		};
		872ECE442965035100617A4B /* petakopi */ = {
			isa = PBXGroup;
			children = (
				872ECE452965035200617A4B /* AppDelegate.swift */,
				872ECE472965035200617A4B /* SceneDelegate.swift */,
				872ECE4E2965035300617A4B /* Assets.xcassets */,
				872ECE502965035300617A4B /* LaunchScreen.storyboard */,
				872ECE532965035300617A4B /* Info.plist */,
			);
			path = petakopi;
			sourceTree = "<group>";
		};
		872ECE5B2965035300617A4B /* petakopiTests */ = {
			isa = PBXGroup;
			children = (
				872ECE5C2965035300617A4B /* petakopiTests.swift */,
			);
			path = petakopiTests;
			sourceTree = "<group>";
		};
		872ECE652965035300617A4B /* petakopiUITests */ = {
			isa = PBXGroup;
			children = (
				872ECE662965035300617A4B /* petakopiUITests.swift */,
				872ECE682965035300617A4B /* petakopiUITestsLaunchTests.swift */,
			);
			path = petakopiUITests;
			sourceTree = "<group>";
		};
/* End PBXGroup section */

/* Begin PBXNativeTarget section */
		872ECE412965035100617A4B /* petakopi */ = {
			isa = PBXNativeTarget;
			buildConfigurationList = 872ECE6C2965035300617A4B /* Build configuration list for PBXNativeTarget "petakopi" */;
			buildPhases = (
				872ECE3E2965035100617A4B /* Sources */,
				872ECE3F2965035100617A4B /* Frameworks */,
				872ECE402965035100617A4B /* Resources */,
				878927BA296504940003225F /* ShellScript */,
			);
			buildRules = (
			);
			dependencies = (
			);
			name = petakopi;
			packageProductDependencies = (
				878927B8296504510003225F /* Turbo */,
			);
			productName = petakopi;
			productReference = 872ECE422965035100617A4B /* petakopi.app */;
			productType = "com.apple.product-type.application";
		};
		872ECE572965035300617A4B /* petakopiTests */ = {
			isa = PBXNativeTarget;
			buildConfigurationList = 872ECE6F2965035300617A4B /* Build configuration list for PBXNativeTarget "petakopiTests" */;
			buildPhases = (
				872ECE542965035300617A4B /* Sources */,
				872ECE552965035300617A4B /* Frameworks */,
				872ECE562965035300617A4B /* Resources */,
			);
			buildRules = (
			);
			dependencies = (
				872ECE5A2965035300617A4B /* PBXTargetDependency */,
			);
			name = petakopiTests;
			productName = petakopiTests;
			productReference = 872ECE582965035300617A4B /* petakopiTests.xctest */;
			productType = "com.apple.product-type.bundle.unit-test";
		};
		872ECE612965035300617A4B /* petakopiUITests */ = {
			isa = PBXNativeTarget;
			buildConfigurationList = 872ECE722965035300617A4B /* Build configuration list for PBXNativeTarget "petakopiUITests" */;
			buildPhases = (
				872ECE5E2965035300617A4B /* Sources */,
				872ECE5F2965035300617A4B /* Frameworks */,
				872ECE602965035300617A4B /* Resources */,
			);
			buildRules = (
			);
			dependencies = (
				872ECE642965035300617A4B /* PBXTargetDependency */,
			);
			name = petakopiUITests;
			productName = petakopiUITests;
			productReference = 872ECE622965035300617A4B /* petakopiUITests.xctest */;
			productType = "com.apple.product-type.bundle.ui-testing";
		};
/* End PBXNativeTarget section */

/* Begin PBXProject section */
		872ECE3A2965035100617A4B /* Project object */ = {
			isa = PBXProject;
			attributes = {
				BuildIndependentTargetsInParallel = 1;
				LastSwiftUpdateCheck = 1420;
				LastUpgradeCheck = 1420;
				TargetAttributes = {
					872ECE412965035100617A4B = {
						CreatedOnToolsVersion = 14.2;
					};
					872ECE572965035300617A4B = {
						CreatedOnToolsVersion = 14.2;
						TestTargetID = 872ECE412965035100617A4B;
					};
					872ECE612965035300617A4B = {
						CreatedOnToolsVersion = 14.2;
						TestTargetID = 872ECE412965035100617A4B;
					};
				};
			};
			buildConfigurationList = 872ECE3D2965035100617A4B /* Build configuration list for PBXProject "petakopi" */;
			compatibilityVersion = "Xcode 14.0";
			developmentRegion = en;
			hasScannedForEncodings = 0;
			knownRegions = (
				en,
				Base,
			);
			mainGroup = 872ECE392965035100617A4B;
			packageReferences = (
				878927B7296504510003225F /* XCRemoteSwiftPackageReference "turbo-ios" */,
			);
			productRefGroup = 872ECE432965035100617A4B /* Products */;
			projectDirPath = "";
			projectRoot = "";
			targets = (
				872ECE412965035100617A4B /* petakopi */,
				872ECE572965035300617A4B /* petakopiTests */,
				872ECE612965035300617A4B /* petakopiUITests */,
			);
		};
/* End PBXProject section */

/* Begin PBXResourcesBuildPhase section */
		872ECE402965035100617A4B /* Resources */ = {
			isa = PBXResourcesBuildPhase;
			buildActionMask = 2147483647;
			files = (
				872ECE522965035300617A4B /* LaunchScreen.storyboard in Resources */,
				872ECE4F2965035300617A4B /* Assets.xcassets in Resources */,
			);
			runOnlyForDeploymentPostprocessing = 0;
		};
		872ECE562965035300617A4B /* Resources */ = {
			isa = PBXResourcesBuildPhase;
			buildActionMask = 2147483647;
			files = (
			);
			runOnlyForDeploymentPostprocessing = 0;
		};
		872ECE602965035300617A4B /* Resources */ = {
			isa = PBXResourcesBuildPhase;
			buildActionMask = 2147483647;
			files = (
			);
			runOnlyForDeploymentPostprocessing = 0;
		};
/* End PBXResourcesBuildPhase section */

/* Begin PBXShellScriptBuildPhase section */
		878927BA296504940003225F /* ShellScript */ = {
			isa = PBXShellScriptBuildPhase;
			buildActionMask = 2147483647;
			files = (
			);
			inputFileListPaths = (
			);
			inputPaths = (
			);
			outputFileListPaths = (
			);
			outputPaths = (
			);
			runOnlyForDeploymentPostprocessing = 0;
			shellPath = /bin/sh;
			shellScript = "INFO_PLIST=\"${TARGET_BUILD_DIR}/${INFOPLIST_PATH}\" PLISTBUDDY=\"/usr/libexec/PlistBuddy\"\n\nif [ \"${CONFIGURATION}\" == \"Debug\" ]; then\n  $PLISTBUDDY -c \"Add :NSAppTransportSecurity dict\" \"${INFO_PLIST}\" || true\n  $PLISTBUDDY -c \"Add :NSAppTransportSecurity:NSAllowsArbitraryLoads bool true\" \" ${INFO_PLIST}\" || true\n  $PLISTBUDDY -c \"Set :NSAppTransportSecurity:NSAllowsArbitraryLoads true\" \"${INFO_PLIST}\"\nelse\n  $PLISTBUDDY -c \"Delete :NSAppTransportSecurity:NSAllowsArbitraryLoads\" \"${INFO_PLIST}\" || true\nfi\n\nALLOWS_ARBITRARY_LOADS_ENABLED=$($PLISTBUDDY -c \"Print :NSAppTransportSecurity:NSAllowsArbitraryLoads\" \"${INFO_PLIST}\")\n\nif [ \"${ALLOWS_ARBITRARY_LOADS_ENABLED}\" == \"true\" ]; then\n  echo \"warning: ATS is disabled. :NSAppTransportSecurity:NSAllowsArbitraryLoads set to true. This is insecure and should not be used in release builds.\"\nfi\n";
		};
/* End PBXShellScriptBuildPhase section */

/* Begin PBXSourcesBuildPhase section */
		872ECE3E2965035100617A4B /* Sources */ = {
			isa = PBXSourcesBuildPhase;
			buildActionMask = 2147483647;
			files = (
				872ECE462965035200617A4B /* AppDelegate.swift in Sources */,
				872ECE482965035200617A4B /* SceneDelegate.swift in Sources */,
			);
			runOnlyForDeploymentPostprocessing = 0;
		};
		872ECE542965035300617A4B /* Sources */ = {
			isa = PBXSourcesBuildPhase;
			buildActionMask = 2147483647;
			files = (
				872ECE5D2965035300617A4B /* petakopiTests.swift in Sources */,
			);
			runOnlyForDeploymentPostprocessing = 0;
		};
		872ECE5E2965035300617A4B /* Sources */ = {
			isa = PBXSourcesBuildPhase;
			buildActionMask = 2147483647;
			files = (
				872ECE692965035300617A4B /* petakopiUITestsLaunchTests.swift in Sources */,
				872ECE672965035300617A4B /* petakopiUITests.swift in Sources */,
			);
			runOnlyForDeploymentPostprocessing = 0;
		};
/* End PBXSourcesBuildPhase section */

/* Begin PBXTargetDependency section */
		872ECE5A2965035300617A4B /* PBXTargetDependency */ = {
			isa = PBXTargetDependency;
			target = 872ECE412965035100617A4B /* petakopi */;
			targetProxy = 872ECE592965035300617A4B /* PBXContainerItemProxy */;
		};
		872ECE642965035300617A4B /* PBXTargetDependency */ = {
			isa = PBXTargetDependency;
			target = 872ECE412965035100617A4B /* petakopi */;
			targetProxy = 872ECE632965035300617A4B /* PBXContainerItemProxy */;
		};
/* End PBXTargetDependency section */

/* Begin PBXVariantGroup section */
		872ECE502965035300617A4B /* LaunchScreen.storyboard */ = {
			isa = PBXVariantGroup;
			children = (
				872ECE512965035300617A4B /* Base */,
			);
			name = LaunchScreen.storyboard;
			sourceTree = "<group>";
		};
/* End PBXVariantGroup section */

/* Begin XCBuildConfiguration section */
		872ECE6A2965035300617A4B /* Debug */ = {
			isa = XCBuildConfiguration;
			buildSettings = {
				ALWAYS_SEARCH_USER_PATHS = NO;
				CLANG_ANALYZER_NONNULL = YES;
				CLANG_ANALYZER_NUMBER_OBJECT_CONVERSION = YES_AGGRESSIVE;
				CLANG_CXX_LANGUAGE_STANDARD = "gnu++20";
				CLANG_ENABLE_MODULES = YES;
				CLANG_ENABLE_OBJC_ARC = YES;
				CLANG_ENABLE_OBJC_WEAK = YES;
				CLANG_WARN_BLOCK_CAPTURE_AUTORELEASING = YES;
				CLANG_WARN_BOOL_CONVERSION = YES;
				CLANG_WARN_COMMA = YES;
				CLANG_WARN_CONSTANT_CONVERSION = YES;
				CLANG_WARN_DEPRECATED_OBJC_IMPLEMENTATIONS = YES;
				CLANG_WARN_DIRECT_OBJC_ISA_USAGE = YES_ERROR;
				CLANG_WARN_DOCUMENTATION_COMMENTS = YES;
				CLANG_WARN_EMPTY_BODY = YES;
				CLANG_WARN_ENUM_CONVERSION = YES;
				CLANG_WARN_INFINITE_RECURSION = YES;
				CLANG_WARN_INT_CONVERSION = YES;
				CLANG_WARN_NON_LITERAL_NULL_CONVERSION = YES;
				CLANG_WARN_OBJC_IMPLICIT_RETAIN_SELF = YES;
				CLANG_WARN_OBJC_LITERAL_CONVERSION = YES;
				CLANG_WARN_OBJC_ROOT_CLASS = YES_ERROR;
				CLANG_WARN_QUOTED_INCLUDE_IN_FRAMEWORK_HEADER = YES;
				CLANG_WARN_RANGE_LOOP_ANALYSIS = YES;
				CLANG_WARN_STRICT_PROTOTYPES = YES;
				CLANG_WARN_SUSPICIOUS_MOVE = YES;
				CLANG_WARN_UNGUARDED_AVAILABILITY = YES_AGGRESSIVE;
				CLANG_WARN_UNREACHABLE_CODE = YES;
				CLANG_WARN__DUPLICATE_METHOD_MATCH = YES;
				COPY_PHASE_STRIP = NO;
				DEBUG_INFORMATION_FORMAT = dwarf;
				ENABLE_STRICT_OBJC_MSGSEND = YES;
				ENABLE_TESTABILITY = YES;
				GCC_C_LANGUAGE_STANDARD = gnu11;
				GCC_DYNAMIC_NO_PIC = NO;
				GCC_NO_COMMON_BLOCKS = YES;
				GCC_OPTIMIZATION_LEVEL = 0;
				GCC_PREPROCESSOR_DEFINITIONS = (
					"DEBUG=1",
					"$(inherited)",
				);
				GCC_WARN_64_TO_32_BIT_CONVERSION = YES;
				GCC_WARN_ABOUT_RETURN_TYPE = YES_ERROR;
				GCC_WARN_UNDECLARED_SELECTOR = YES;
				GCC_WARN_UNINITIALIZED_AUTOS = YES_AGGRESSIVE;
				GCC_WARN_UNUSED_FUNCTION = YES;
				GCC_WARN_UNUSED_VARIABLE = YES;
				IPHONEOS_DEPLOYMENT_TARGET = 16.2;
				MTL_ENABLE_DEBUG_INFO = INCLUDE_SOURCE;
				MTL_FAST_MATH = YES;
				ONLY_ACTIVE_ARCH = YES;
				SDKROOT = iphoneos;
				SWIFT_ACTIVE_COMPILATION_CONDITIONS = DEBUG;
				SWIFT_OPTIMIZATION_LEVEL = "-Onone";
			};
			name = Debug;
		};
		872ECE6B2965035300617A4B /* Release */ = {
			isa = XCBuildConfiguration;
			buildSettings = {
				ALWAYS_SEARCH_USER_PATHS = NO;
				CLANG_ANALYZER_NONNULL = YES;
				CLANG_ANALYZER_NUMBER_OBJECT_CONVERSION = YES_AGGRESSIVE;
				CLANG_CXX_LANGUAGE_STANDARD = "gnu++20";
				CLANG_ENABLE_MODULES = YES;
				CLANG_ENABLE_OBJC_ARC = YES;
				CLANG_ENABLE_OBJC_WEAK = YES;
				CLANG_WARN_BLOCK_CAPTURE_AUTORELEASING = YES;
				CLANG_WARN_BOOL_CONVERSION = YES;
				CLANG_WARN_COMMA = YES;
				CLANG_WARN_CONSTANT_CONVERSION = YES;
				CLANG_WARN_DEPRECATED_OBJC_IMPLEMENTATIONS = YES;
				CLANG_WARN_DIRECT_OBJC_ISA_USAGE = YES_ERROR;
				CLANG_WARN_DOCUMENTATION_COMMENTS = YES;
				CLANG_WARN_EMPTY_BODY = YES;
				CLANG_WARN_ENUM_CONVERSION = YES;
				CLANG_WARN_INFINITE_RECURSION = YES;
				CLANG_WARN_INT_CONVERSION = YES;
				CLANG_WARN_NON_LITERAL_NULL_CONVERSION = YES;
				CLANG_WARN_OBJC_IMPLICIT_RETAIN_SELF = YES;
				CLANG_WARN_OBJC_LITERAL_CONVERSION = YES;
				CLANG_WARN_OBJC_ROOT_CLASS = YES_ERROR;
				CLANG_WARN_QUOTED_INCLUDE_IN_FRAMEWORK_HEADER = YES;
				CLANG_WARN_RANGE_LOOP_ANALYSIS = YES;
				CLANG_WARN_STRICT_PROTOTYPES = YES;
				CLANG_WARN_SUSPICIOUS_MOVE = YES;
				CLANG_WARN_UNGUARDED_AVAILABILITY = YES_AGGRESSIVE;
				CLANG_WARN_UNREACHABLE_CODE = YES;
				CLANG_WARN__DUPLICATE_METHOD_MATCH = YES;
				COPY_PHASE_STRIP = NO;
				DEBUG_INFORMATION_FORMAT = "dwarf-with-dsym";
				ENABLE_NS_ASSERTIONS = NO;
				ENABLE_STRICT_OBJC_MSGSEND = YES;
				GCC_C_LANGUAGE_STANDARD = gnu11;
				GCC_NO_COMMON_BLOCKS = YES;
				GCC_WARN_64_TO_32_BIT_CONVERSION = YES;
				GCC_WARN_ABOUT_RETURN_TYPE = YES_ERROR;
				GCC_WARN_UNDECLARED_SELECTOR = YES;
				GCC_WARN_UNINITIALIZED_AUTOS = YES_AGGRESSIVE;
				GCC_WARN_UNUSED_FUNCTION = YES;
				GCC_WARN_UNUSED_VARIABLE = YES;
				IPHONEOS_DEPLOYMENT_TARGET = 16.2;
				MTL_ENABLE_DEBUG_INFO = NO;
				MTL_FAST_MATH = YES;
				SDKROOT = iphoneos;
				SWIFT_COMPILATION_MODE = wholemodule;
				SWIFT_OPTIMIZATION_LEVEL = "-O";
				VALIDATE_PRODUCT = YES;
			};
			name = Release;
		};
		872ECE6D2965035300617A4B /* Debug */ = {
			isa = XCBuildConfiguration;
			buildSettings = {
				ASSETCATALOG_COMPILER_APPICON_NAME = AppIcon;
				ASSETCATALOG_COMPILER_GLOBAL_ACCENT_COLOR_NAME = AccentColor;
				CODE_SIGN_STYLE = Automatic;
				CURRENT_PROJECT_VERSION = 1;
				DEVELOPMENT_TEAM = X39HY3TPLT;
				GENERATE_INFOPLIST_FILE = YES;
				INFOPLIST_FILE = petakopi/Info.plist;
				INFOPLIST_KEY_UIApplicationSupportsIndirectInputEvents = YES;
				INFOPLIST_KEY_UILaunchStoryboardName = LaunchScreen;
				INFOPLIST_KEY_UIMainStoryboardFile = "";
				INFOPLIST_KEY_UISupportedInterfaceOrientations_iPad = "UIInterfaceOrientationPortrait UIInterfaceOrientationPortraitUpsideDown UIInterfaceOrientationLandscapeLeft UIInterfaceOrientationLandscapeRight";
				INFOPLIST_KEY_UISupportedInterfaceOrientations_iPhone = "UIInterfaceOrientationPortrait UIInterfaceOrientationLandscapeLeft UIInterfaceOrientationLandscapeRight";
				LD_RUNPATH_SEARCH_PATHS = (
					"$(inherited)",
					"@executable_path/Frameworks",
				);
				MARKETING_VERSION = 1.0;
				PRODUCT_BUNDLE_IDENTIFIER = petakopi.my.petakopi;
				PRODUCT_NAME = "$(TARGET_NAME)";
				SWIFT_EMIT_LOC_STRINGS = YES;
				SWIFT_VERSION = 5.0;
				TARGETED_DEVICE_FAMILY = "1,2";
			};
			name = Debug;
		};
		872ECE6E2965035300617A4B /* Release */ = {
			isa = XCBuildConfiguration;
			buildSettings = {
				ASSETCATALOG_COMPILER_APPICON_NAME = AppIcon;
				ASSETCATALOG_COMPILER_GLOBAL_ACCENT_COLOR_NAME = AccentColor;
				CODE_SIGN_STYLE = Automatic;
				CURRENT_PROJECT_VERSION = 1;
				DEVELOPMENT_TEAM = X39HY3TPLT;
				GENERATE_INFOPLIST_FILE = YES;
				INFOPLIST_FILE = petakopi/Info.plist;
				INFOPLIST_KEY_UIApplicationSupportsIndirectInputEvents = YES;
				INFOPLIST_KEY_UILaunchStoryboardName = LaunchScreen;
				INFOPLIST_KEY_UIMainStoryboardFile = "";
				INFOPLIST_KEY_UISupportedInterfaceOrientations_iPad = "UIInterfaceOrientationPortrait UIInterfaceOrientationPortraitUpsideDown UIInterfaceOrientationLandscapeLeft UIInterfaceOrientationLandscapeRight";
				INFOPLIST_KEY_UISupportedInterfaceOrientations_iPhone = "UIInterfaceOrientationPortrait UIInterfaceOrientationLandscapeLeft UIInterfaceOrientationLandscapeRight";
				LD_RUNPATH_SEARCH_PATHS = (
					"$(inherited)",
					"@executable_path/Frameworks",
				);
				MARKETING_VERSION = 1.0;
				PRODUCT_BUNDLE_IDENTIFIER = petakopi.my.petakopi;
				PRODUCT_NAME = "$(TARGET_NAME)";
				SWIFT_EMIT_LOC_STRINGS = YES;
				SWIFT_VERSION = 5.0;
				TARGETED_DEVICE_FAMILY = "1,2";
			};
			name = Release;
		};
		872ECE702965035300617A4B /* Debug */ = {
			isa = XCBuildConfiguration;
			buildSettings = {
				ALWAYS_EMBED_SWIFT_STANDARD_LIBRARIES = YES;
				BUNDLE_LOADER = "$(TEST_HOST)";
				CODE_SIGN_STYLE = Automatic;
				CURRENT_PROJECT_VERSION = 1;
				DEVELOPMENT_TEAM = X39HY3TPLT;
				GENERATE_INFOPLIST_FILE = YES;
				IPHONEOS_DEPLOYMENT_TARGET = 16.2;
				MARKETING_VERSION = 1.0;
				PRODUCT_BUNDLE_IDENTIFIER = petakopi.my.petakopiTests;
				PRODUCT_NAME = "$(TARGET_NAME)";
				SWIFT_EMIT_LOC_STRINGS = NO;
				SWIFT_VERSION = 5.0;
				TARGETED_DEVICE_FAMILY = "1,2";
				TEST_HOST = "$(BUILT_PRODUCTS_DIR)/petakopi.app/$(BUNDLE_EXECUTABLE_FOLDER_PATH)/petakopi";
			};
			name = Debug;
		};
		872ECE712965035300617A4B /* Release */ = {
			isa = XCBuildConfiguration;
			buildSettings = {
				ALWAYS_EMBED_SWIFT_STANDARD_LIBRARIES = YES;
				BUNDLE_LOADER = "$(TEST_HOST)";
				CODE_SIGN_STYLE = Automatic;
				CURRENT_PROJECT_VERSION = 1;
				DEVELOPMENT_TEAM = X39HY3TPLT;
				GENERATE_INFOPLIST_FILE = YES;
				IPHONEOS_DEPLOYMENT_TARGET = 16.2;
				MARKETING_VERSION = 1.0;
				PRODUCT_BUNDLE_IDENTIFIER = petakopi.my.petakopiTests;
				PRODUCT_NAME = "$(TARGET_NAME)";
				SWIFT_EMIT_LOC_STRINGS = NO;
				SWIFT_VERSION = 5.0;
				TARGETED_DEVICE_FAMILY = "1,2";
				TEST_HOST = "$(BUILT_PRODUCTS_DIR)/petakopi.app/$(BUNDLE_EXECUTABLE_FOLDER_PATH)/petakopi";
			};
			name = Release;
		};
		872ECE732965035300617A4B /* Debug */ = {
			isa = XCBuildConfiguration;
			buildSettings = {
				ALWAYS_EMBED_SWIFT_STANDARD_LIBRARIES = YES;
				CODE_SIGN_STYLE = Automatic;
				CURRENT_PROJECT_VERSION = 1;
				DEVELOPMENT_TEAM = X39HY3TPLT;
				GENERATE_INFOPLIST_FILE = YES;
				MARKETING_VERSION = 1.0;
				PRODUCT_BUNDLE_IDENTIFIER = petakopi.my.petakopiUITests;
				PRODUCT_NAME = "$(TARGET_NAME)";
				SWIFT_EMIT_LOC_STRINGS = NO;
				SWIFT_VERSION = 5.0;
				TARGETED_DEVICE_FAMILY = "1,2";
				TEST_TARGET_NAME = petakopi;
			};
			name = Debug;
		};
		872ECE742965035300617A4B /* Release */ = {
			isa = XCBuildConfiguration;
			buildSettings = {
				ALWAYS_EMBED_SWIFT_STANDARD_LIBRARIES = YES;
				CODE_SIGN_STYLE = Automatic;
				CURRENT_PROJECT_VERSION = 1;
				DEVELOPMENT_TEAM = X39HY3TPLT;
				GENERATE_INFOPLIST_FILE = YES;
				MARKETING_VERSION = 1.0;
				PRODUCT_BUNDLE_IDENTIFIER = petakopi.my.petakopiUITests;
				PRODUCT_NAME = "$(TARGET_NAME)";
				SWIFT_EMIT_LOC_STRINGS = NO;
				SWIFT_VERSION = 5.0;
				TARGETED_DEVICE_FAMILY = "1,2";
				TEST_TARGET_NAME = petakopi;
			};
			name = Release;
		};
/* End XCBuildConfiguration section */

/* Begin XCConfigurationList section */
		872ECE3D2965035100617A4B /* Build configuration list for PBXProject "petakopi" */ = {
			isa = XCConfigurationList;
			buildConfigurations = (
				872ECE6A2965035300617A4B /* Debug */,
				872ECE6B2965035300617A4B /* Release */,
			);
			defaultConfigurationIsVisible = 0;
			defaultConfigurationName = Release;
		};
		872ECE6C2965035300617A4B /* Build configuration list for PBXNativeTarget "petakopi" */ = {
			isa = XCConfigurationList;
			buildConfigurations = (
				872ECE6D2965035300617A4B /* Debug */,
				872ECE6E2965035300617A4B /* Release */,
			);
			defaultConfigurationIsVisible = 0;
			defaultConfigurationName = Release;
		};
		872ECE6F2965035300617A4B /* Build configuration list for PBXNativeTarget "petakopiTests" */ = {
			isa = XCConfigurationList;
			buildConfigurations = (
				872ECE702965035300617A4B /* Debug */,
				872ECE712965035300617A4B /* Release */,
			);
			defaultConfigurationIsVisible = 0;
			defaultConfigurationName = Release;
		};
		872ECE722965035300617A4B /* Build configuration list for PBXNativeTarget "petakopiUITests" */ = {
			isa = XCConfigurationList;
			buildConfigurations = (
				872ECE732965035300617A4B /* Debug */,
				872ECE742965035300617A4B /* Release */,
			);
			defaultConfigurationIsVisible = 0;
			defaultConfigurationName = Release;
		};
/* End XCConfigurationList section */

/* Begin XCRemoteSwiftPackageReference section */
		878927B7296504510003225F /* XCRemoteSwiftPackageReference "turbo-ios" */ = {
			isa = XCRemoteSwiftPackageReference;
			repositoryURL = "https://github.com/hotwired/turbo-ios";
			requirement = {
				kind = upToNextMinorVersion;
				minimumVersion = "7.0.0-rc.7";
			};
		};
/* End XCRemoteSwiftPackageReference section */

/* Begin XCSwiftPackageProductDependency section */
		878927B8296504510003225F /* Turbo */ = {
			isa = XCSwiftPackageProductDependency;
			package = 878927B7296504510003225F /* XCRemoteSwiftPackageReference "turbo-ios" */;
			productName = Turbo;
		};
/* End XCSwiftPackageProductDependency section */
	};
	rootObject = 872ECE3A2965035100617A4B /* Project object */;
}
